
Microsoft Visual Studio Solution File, Format Version 12.00
# Visual Studio Version 17
VisualStudioVersion = 17.9.34622.214
MinimumVisualStudioVersion = 10.0.40219.1
Project("{FAE04EC0-301F-11D3-BF4B-00C04F79EFBC}") = "BaylongoApi", "BaylongoApi\BaylongoApi.csproj", "{94243CE5-0937-4017-9EC0-70B5346DBEB4}"
EndProject
Project("{FAE04EC0-301F-11D3-BF4B-00C04F79EFBC}") = "Baylongo.Data", "Baylongo.Data\Baylongo.Data.csproj", "{231CFAF1-685C-4ADB-978F-2AF84E8A1897}"
EndProject
Global
	GlobalSection(SolutionConfigurationPlatforms) = preSolution
		Debug|Any CPU = Debug|Any CPU
		Release|Any CPU = Release|Any CPU
	EndGlobalSection
	GlobalSection(ProjectConfigurationPlatforms) = postSolution
		{94243CE5-0937-4017-9EC0-70B5346DBEB4}.Debug|Any CPU.ActiveCfg = Debug|Any CPU
		{94243CE5-0937-4017-9EC0-70B5346DBEB4}.Debug|Any CPU.Build.0 = Debug|Any CPU
		{94243CE5-0937-4017-9EC0-70B5346DBEB4}.Release|Any CPU.ActiveCfg = Release|Any CPU
		{94243CE5-0937-4017-9EC0-70B5346DBEB4}.Release|Any CPU.Build.0 = Release|Any CPU
		{231CFAF1-685C-4ADB-978F-2AF84E8A1897}.Debug|Any CPU.ActiveCfg = Debug|Any CPU
		{231CFAF1-685C-4ADB-978F-2AF84E8A1897}.Debug|Any CPU.Build.0 = Debug|Any CPU
		{231CFAF1-685C-4ADB-978F-2AF84E8A1897}.Release|Any CPU.ActiveCfg = Release|Any CPU
		{231CFAF1-685C-4ADB-978F-2AF84E8A1897}.Release|Any CPU.Build.0 = Release|Any CPU
	EndGlobalSection
	GlobalSection(SolutionProperties) = preSolution
		HideSolutionNode = FALSE
	EndGlobalSection
	GlobalSection(ExtensibilityGlobals) = postSolution
		SolutionGuid = {3BE64A56-56D3-4B95-9423-069B12CA3CCF}
	EndGlobalSection
EndGlobal
